github.com/BurntSushi/toml v1.2.1 h1:9F2/+DoOYIOksmaJFPw1tGFy1eDnIJXg+UHjuD8lTak=
github.com/BurntSushi/toml v1.2.1/go.mod h1:CxXYINrC8qIiEnFrOxCa7Jy5BFHlXnUU2pbicEuybxQ=
github.com/aymanbagabas/go-osc52/v2 v2.0.1 h1:HwpRHbFMcZLEVr42D4p7XBqjyuxQH5SMiErDT4WkJ2k=
github.com/aymanbagabas/go-osc52/v2 v2.0.1/go.mod h1:uYgXzlJ7ZpABp8OJ+exZzJJhRNQ2ASbcXHWsFqH8hp8=
github.com/charmbracelet/lipgloss v0.7.1 h1:17WMwi7N1b1rVWOjMT+rCh7sQkvDU75B2hbZpc5Kc1E=
github.com/charmbracelet/lipgloss v0.7.1/go.mod h1:yG0k3giv8Qj8edTCbbg6AlQ5e8KNWpFujkNawKNhE2c=
github.com/charmbracelet/log v0.2.1 h1:1z7jpkk4yKyjwlmKmKMM5qnEDSpV32E7XtWhuv0mTZE=
github.com/charmbracelet/log v0.2.1/go.mod h1:GwFfjewhcVDWLrpAbY5A0Hin9YOlEn40eWT4PNaxFT4=
github.com/cockroachdb/cockroach-go/v2 v2.2.0 h1:/5znzg5n373N/3ESjHF5SMLxiW4RKB05Ql//KWfeTFs=
github.com/davecgh/go-spew v1.1.0/go.mod h1:J7Y8YcW2NihsgmVo/mv3lAwl/skON4iLHjSsI+c5H38=
github.com/davecgh/go-spew v1.1.1 h1:vj9j/u1bqnvCEfJOwUhtlOARqs3+rkHYY13jYWTU97c=
github.com/davecgh/go-spew v1.1.1/go.mod h1:J7Y8YcW2NihsgmVo/mv3lAwl/skON4iLHjSsI+c5H38=
github.com/georgysavva/scany/v2 v2.0.0 h1:RGXqxDv4row7/FYoK8MRXAZXqoWF/NM+NP0q50k3DKU=
github.com/georgysavva/scany/v2 v2.0.0/go.mod h1:sigOdh+0qb/+aOs3TVhehVT10p8qJL7K/Zhyz8vWo38=
github.com/go-logfmt/logfmt v0.6.0 h1:wGYYu3uicYdqXVgoYbvnkrPVXkuLM1p1ifugDMEdRi4=
github.com/go-logfmt/logfmt v0.6.0/go.mod h1:WYhtIu8zTZfxdn5+rREduYbwxfcBr/Vr6KEVveWlfTs=
github.com/gofrs/flock v0.8.1 h1:+gYjHKf32LDeiEEFhQaotPbLuUXjY5ZqxKgXy7n59aw=
github.com/google/go-cmp v0.5.9 h1:O2Tfq5qg4qc4AmwVlvv0oLiVAGB7enBSJ2x2DqQFi38=
github.com/google/go-cmp v0.5.9/go.mod h1:17dUlkBOakJ0+DkrSSNjCkIjxS6bF9zb3elmeNGIjoY=
github.com/jackc/pgpassfile v1.0.0 h1:/6Hmqy13Ss2zCq62VdNG8tM1wchn8zjSGOBJ6icpsIM=
github.com/jackc/pgpassfile v1.0.0/go.mod h1:CEx0iS5ambNFdcRtxPj5JhEz+xB6uRky5eyVu/W2HEg=
github.com/jackc/pgservicefile v0.0.0-20221227161230-091c0ba34f0a h1:bbPeKD0xmW/Y25WS6cokEszi5g+S0QxI/d45PkRi7Nk=
github.com/jackc/pgservicefile v0.0.0-20221227161230-091c0ba34f0a/go.mod h1:5TJZWKEWniPve33vlWYSoGYefn3gLQRzjfDlhSJ9ZKM=
github.com/jackc/pgx/v5 v5.3.1 h1:Fcr8QJ1ZeLi5zsPZqQeUZhNhxfkkKBOgJuYkJHoBOtU=
github.com/jackc/pgx/v5 v5.3.1/go.mod h1:t3JDKnCBlYIc0ewLF0Q7B8MXmoIaBOZj/ic7iHozM/8=
github.com/jackc/puddle/v2 v2.2.0 h1:RdcDk92EJBuBS55nQMMYFXTxwstHug4jkhT5pq8VxPk=
github.com/jackc/puddle/v2 v2.2.0/go.mod h1:vriiEXHvEE654aYKXXjOvZM39qJ0q+azkZFrfEOc3H4=
github.com/kr/pretty v0.1.0/go.mod h1:dAy3ld7l9f0ibDNOQOHHMYYIIbhfbHSm3C4ZsoJORNo=
github.com/kr/pty v1.1.1/go.mod h1:pFQYn66WHrOpPYNljwOMqo10TkYh1fy3cYio2l3bCsQ=
github.com/kr/text v0.1.0/go.mod h1:4Jbv+DJW3UT/LiOwJeYQe1efqtUx/iVham/4vfdArNI=
github.com/lib/pq v1.10.0 h1:Zx5DJFEYQXio93kgXnQ09fXNiUKsqv4OUEu2UtGcB1E=
github.com/lucasb-eyer/go-colorful v1.2.0 h1:1nnpGOrhyZZuNyfu1QjKiUICQ74+3FNCN69Aj6K7nkY=
github.com/lucasb-eyer/go-colorful v1.2.0/go.mod h1:R4dSotOR9KMtayYi1e77YzuveK+i7ruzyGqttikkLy0=
github.com/mattn/go-isatty v0.0.18 h1:DOKFKCQ7FNG2L1rbrmstDN4QVRdS89Nkh85u68Uwp98=
github.com/mattn/go-isatty v0.0.18/go.mod h1:W+V8PltTTMOvKvAeJH7IuucS94S2C6jfK/D7dTCTo3Y=
github.com/mattn/go-runewidth v0.0.12/go.mod h1:RAqKPSqVFrSLVXbA8x7dzmKdmGzieGRCM46jaSJTDAk=
github.com/mattn/go-runewidth v0.0.14 h1:+xnbZSEeDbOIg5/mE6JF0w6n9duR1l3/WmbinWVwUuU=
github.com/mattn/go-runewidth v0.0.14/go.mod h1:Jdepj2loyihRzMpdS35Xk/zdY8IAYHsh153qUoGf23w=
github.com/muesli/reflow v0.3.0 h1:IFsN6K9NfGtjeggFP+68I4chLZV2yIKsXJFNZ+eWh6s=
github.com/muesli/reflow v0.3.0/go.mod h1:pbwTDkVPibjO2kyvBQRBxTWEEGDGq0FlB1BIKtnHY/8=
github.com/muesli/termenv v0.15.1 h1:UzuTb/+hhlBugQz28rpzey4ZuKcZ03MeKsoG7IJZIxs=
github.com/muesli/termenv v0.15.1/go.mod h1:HeAQPTzpfs016yGtA4g00CsdYnVLJvxsS4ANqrZs2sQ=
github.com/pkg/diff v0.0.0-20210226163009-20ebb0f2a09e/go.mod h1:pJLUxLENpZxwdsKMEsNbx1VGcRFpLqf3715MtcvvzbA=
github.com/pkg/errors v0.9.1 h1:FEBLx1zS214owpjy7qsBeixbURkuhQAwrK5UwLGTwt4=
github.com/pmezard/go-difflib v1.0.0 h1:4DBwDE0NGyQoBHbLQYPwSUPoCMWR5BEzIk/f1lZbAQM=
github.com/pmezard/go-difflib v1.0.0/go.mod h1:iKH77koFhYxTK1pcRnkKkqfTogsbg7gZNVY4sRDYZ/4=
github.com/rivo/uniseg v0.1.0/go.mod h1:J6wj4VEh+S6ZtnVlnTBMWIodfgj8LQOQFoIToxlJtxc=
github.com/rivo/uniseg v0.2.0 h1:S1pD9weZBuJdFmowNwbpi7BJ8TNftyUImj/0WQi72jY=
github.com/rivo/uniseg v0.2.0/go.mod h1:J6wj4VEh+S6ZtnVlnTBMWIodfgj8LQOQFoIToxlJtxc=
github.com/rogpeppe/go-internal v1.8.1/go.mod h1:JeRgkft04UBgHMgCIwADu4Pn6Mtm5d4nPKWu0nJ5d+o=
github.com/sergi/go-diff v1.1.0 h1:we8PVUC3FE2uYfodKH/nBHMSetSfHDR6scGdBi+erh0=
github.com/sergi/go-diff v1.1.0/go.mod h1:STckp+ISIX8hZLjrqAeVduY0gWCT9IjLuqbuNXdaHfM=
github.com/stretchr/objx v0.1.0/go.mod h1:HFkY916IF+rwdDfMAkV7OtwuqBVzrE8GR6GFx+wExME=
github.com/stretchr/objx v0.4.0 h1:M2gUjqZET1qApGOWNSnZ49BAIMX4F/1plDv3+l31EJ4=
github.com/stretchr/testify v1.3.0/go.mod h1:M5WIy9Dh21IEIfnGCwXGc5bZfKNJtfHm1UVUgZn+9EI=
github.com/stretchr/testify v1.4.0/go.mod h1:j7eGeouHqKxXV5pUuKE4zz7dFj8WfuZ+81PSLYec5m4=
github.com/stretchr/testify v1.7.0/go.mod h1:6Fq8oRcR53rry900zMqJjRRixrwX3KX962/h/Wwjteg=
github.com/stretchr/testify v1.8.1 h1:w7B6lhMri9wdJUVmEZPGGhZzrYTPvgJArz7wNPgYKsk=
github.com/stretchr/testify v1.8.2 h1:+h33VjcLVPDHtOdpUCuF+7gSuG3yGIftsP1YvFihtJ8=
golang.org/x/crypto v0.6.0 h1:qfktjS5LUO+fFKeJXZ+ikTRijMmljikvG68fpMMruSc=
golang.org/x/crypto v0.6.0/go.mod h1:OFC/31mSvZgRz0V1QTNCzfAI1aIRzbiufJtkMIlEp58=
golang.org/x/exp v0.0.0-20221031165847-c99f073a8326 h1:QfTh0HpN6hlw6D3vu8DAwC8pBIwikq0AI1evdm+FksE=
golang.org/x/exp v0.0.0-20221031165847-c99f073a8326/go.mod h1:CxIveKay+FTh1D0yPZemJVgC/95VzuuOLq5Qi4xnoYc=
golang.org/x/exp/typeparams v0.0.0-20221031165847-c99f073a8326 h1:fl8k2zg28yA23264d82M4dp+YlJ3ngDcpuB1bewkQi4=
golang.org/x/exp/typeparams v0.0.0-20221031165847-c99f073a8326/go.mod h1:AbB0pIl9nAr9wVwH+Z2ZpaocVmF5I4GyWCDIsVjR0bk=
golang.org/x/mod v0.7.0 h1:LapD9S96VoQRhi/GrNTqeBJFrUjs5UHCAtTlgwA5oZA=
golang.org/x/mod v0.7.0/go.mod h1:iBbtSCu2XBx23ZKBPSOrRkjjQPZFPuis4dIYUhu/chs=
golang.org/x/sync v0.0.0-20210220032951-036812b2e83c/go.mod h1:RxMgew5VJxzue5/jJTE5uejpjVlOe/izrB70Jof72aM=
golang.org/x/sync v0.1.0 h1:wsuoTGHzEhffawBOhz5CYhcrV4IdKZbEyZjBMuTp12o=
golang.org/x/sync v0.1.0/go.mod h1:RxMgew5VJxzue5/jJTE5uejpjVlOe/izrB70Jof72aM=
golang.org/x/sys v0.5.0 h1:MUK/U/4lj1t1oPg0HfuXDN/Z1wv31ZJ/YcPiGccS4DU=
golang.org/x/sys v0.5.0/go.mod h1:oPkhp1MJrh7nUepCBck5+mAzfO9JrbApNNgaTdGDITg=
golang.org/x/sys v0.6.0 h1:MVltZSvRTcU2ljQOhs94SXPftV6DCNnZViHeQps87pQ=
golang.org/x/sys v0.6.0/go.mod h1:oPkhp1MJrh7nUepCBck5+mAzfO9JrbApNNgaTdGDITg=
golang.org/x/text v0.7.0 h1:4BRB4x83lYWy72KwLD/qYDuTu7q9PjSagHvijDw7cLo=
golang.org/x/text v0.7.0/go.mod h1:mrYo+phRRbMaCq/xk9113O4dZlRixOauAjOtrjsXDZ8=
golang.org/x/tools v0.3.1-0.20221213193459-ca17b2c27ca8 h1:7/HkGkN/2ktghBCSRRgp31wAww4syfsW52tj7yirjWk=
golang.org/x/tools v0.3.1-0.20221213193459-ca17b2c27ca8/go.mod h1:/rWhSS2+zyEVwoJf8YAX6L2f0ntZ7Kn/mGgAWcipA5k=
golang.org/x/tools/gopls v0.11.0 h1:/nvKHdTtePQmrv9XN3gIUN9MOdUrKzO/dcqgbG6x8EY=
golang.org/x/tools/gopls v0.11.0/go.mod h1:MOOv9Lf0oXNlREHBWEw2qMUwEC93mdb3FYYbm7UHKt8=
golang.org/x/vuln v0.0.0-20221109205719-3af8368ee4fe h1:qptQiQwEpETwDiz85LKtChqif9xhVkAm8Nhxs0xnTww=
golang.org/x/vuln v0.0.0-20221109205719-3af8368ee4fe/go.mod h1:8nFLBv8KFyZ2VuczUYssYKh+fcBR3BuXDG/HIWcxlwM=
gopkg.in/check.v1 v0.0.0-20161208181325-20d25e280405/go.mod h1:Co6ibVJAznAaIkqp8huTwlJQCZ016jof/cbN4VW5Yz0=
gopkg.in/check.v1 v1.0.0-20180628173108-788fd7840127/go.mod h1:Co6ibVJAznAaIkqp8huTwlJQCZ016jof/cbN4VW5Yz0=
gopkg.in/check.v1 v1.0.0-20190902080502-41f04d3bba15/go.mod h1:Co6ibVJAznAaIkqp8huTwlJQCZ016jof/cbN4VW5Yz0=
gopkg.in/errgo.v2 v2.1.0/go.mod h1:hNsd1EY+bozCKY1Ytp96fpM3vjJbqLJn88ws8XvfDNI=
gopkg.in/yaml.v2 v2.2.2/go.mod h1:hI93XBmqTisBFMUTm0b8Fm+jr3Dg1NNxqwp+5A1VGuI=
gopkg.in/yaml.v2 v2.2.4/go.mod h1:hI93XBmqTisBFMUTm0b8Fm+jr3Dg1NNxqwp+5A1VGuI=
gopkg.in/yaml.v3 v3.0.0-20200313102051-9f266ea9e77c/go.mod h1:K4uyk7z7BCEPqu6E+C64Yfv1cQ7kz7rIZviUmN+EgEM=
gopkg.in/yaml.v3 v3.0.1 h1:fxVm/GzAzEWqLHuvctI91KS9hhNmmWOoWu0XTYJS7CA=
honnef.co/go/tools v0.3.3 h1:oDx7VAwstgpYpb3wv0oxiZlxY+foCpRAwY7Vk6XpAgA=
honnef.co/go/tools v0.3.3/go.mod h1:jzwdWgg7Jdq75wlfblQxO4neNaFFSvgc1tD5Wv8U0Yw=
mvdan.cc/gofumpt v0.4.0 h1:JVf4NN1mIpHogBj7ABpgOyZc65/UUOkKQFkoURsz4MM=
mvdan.cc/gofumpt v0.4.0/go.mod h1:PljLOHDeZqgS8opHRKLzp2It2VBuSdteAgqUfzMTxlQ=
mvdan.cc/xurls/v2 v2.4.0 h1:tzxjVAj+wSBmDcF6zBB7/myTy3gX9xvi8Tyr28AuQgc=
mvdan.cc/xurls/v2 v2.4.0/go.mod h1:+GEjq9uNjqs8LQfM9nVnM8rff0OQ5Iash5rzX+N1CSg=
